
Microsoft Visual Studio Solution File, Format Version 12.00
# Visual Studio Version 17
VisualStudioVersion = 17.3.32505.426
MinimumVisualStudioVersion = 10.0.40219.1
Project("{9A19103F-16F7-4668-BE54-9A1E7A4F7556}") = "iOSPlayground", "iOSPlayground\iOSPlayground.csproj", "{3E07D8B3-019C-4136-977B-E079E5C3731E}"
EndProject
Project("{9A19103F-16F7-4668-BE54-9A1E7A4F7556}") = "AndroidPlayground", "AndroidPlayground\AndroidPlayground.csproj", "{E9A00484-71C3-454D-AF41-DEC139DA6F1B}"
EndProject
Project("{9A19103F-16F7-4668-BE54-9A1E7A4F7556}") = "MauiPlayground", "MauiPlayground\MauiPlayground.csproj", "{8471B5C3-D0B9-45F1-935D-BDE88BE03D2D}"
EndProject
Project("{9A19103F-16F7-4668-BE54-9A1E7A4F7556}") = "AvaloniaPlayground", "AvaloniaPlayground\AvaloniaPlayground.csproj", "{A156672D-F5F9-40CD-95FA-8B1500E81F02}"
EndProject
Project("{9A19103F-16F7-4668-BE54-9A1E7A4F7556}") = "MauiLib", "MauiLib\MauiLib.csproj", "{F97B82A8-EF80-42EF-9A92-053FBC326314}"
EndProject
Global
	GlobalSection(SolutionConfigurationPlatforms) = preSolution
		Debug|Any CPU = Debug|Any CPU
		Debug|ARM = Debug|ARM
		Debug|arm64 = Debug|arm64
		Debug|x64 = Debug|x64
		Debug|x86 = Debug|x86
		Release|Any CPU = Release|Any CPU
		Release|ARM = Release|ARM
		Release|arm64 = Release|arm64
		Release|x64 = Release|x64
		Release|x86 = Release|x86
	EndGlobalSection
	GlobalSection(ProjectConfigurationPlatforms) = postSolution
		{3E07D8B3-019C-4136-977B-E079E5C3731E}.Debug|Any CPU.ActiveCfg = Debug|Any CPU
		{3E07D8B3-019C-4136-977B-E079E5C3731E}.Debug|Any CPU.Build.0 = Debug|Any CPU
		{3E07D8B3-019C-4136-977B-E079E5C3731E}.Debug|Any CPU.Deploy.0 = Debug|Any CPU
		{3E07D8B3-019C-4136-977B-E079E5C3731E}.Debug|ARM.ActiveCfg = Debug|Any CPU
		{3E07D8B3-019C-4136-977B-E079E5C3731E}.Debug|ARM.Build.0 = Debug|Any CPU
		{3E07D8B3-019C-4136-977B-E079E5C3731E}.Debug|ARM.Deploy.0 = Debug|Any CPU
		{3E07D8B3-019C-4136-977B-E079E5C3731E}.Debug|arm64.ActiveCfg = Debug|Any CPU
		{3E07D8B3-019C-4136-977B-E079E5C3731E}.Debug|arm64.Build.0 = Debug|Any CPU
		{3E07D8B3-019C-4136-977B-E079E5C3731E}.Debug|arm64.Deploy.0 = Debug|Any CPU
		{3E07D8B3-019C-4136-977B-E079E5C3731E}.Debug|x64.ActiveCfg = Debug|Any CPU
		{3E07D8B3-019C-4136-977B-E079E5C3731E}.Debug|x64.Build.0 = Debug|Any CPU
		{3E07D8B3-019C-4136-977B-E079E5C3731E}.Debug|x64.Deploy.0 = Debug|Any CPU
		{3E07D8B3-019C-4136-977B-E079E5C3731E}.Debug|x86.ActiveCfg = Debug|Any CPU
		{3E07D8B3-019C-4136-977B-E079E5C3731E}.Debug|x86.Build.0 = Debug|Any CPU
		{3E07D8B3-019C-4136-977B-E079E5C3731E}.Debug|x86.Deploy.0 = Debug|Any CPU
		{3E07D8B3-019C-4136-977B-E079E5C3731E}.Release|Any CPU.ActiveCfg = Release|Any CPU
		{3E07D8B3-019C-4136-977B-E079E5C3731E}.Release|Any CPU.Build.0 = Release|Any CPU
		{3E07D8B3-019C-4136-977B-E079E5C3731E}.Release|Any CPU.Deploy.0 = Release|Any CPU
		{3E07D8B3-019C-4136-977B-E079E5C3731E}.Release|ARM.ActiveCfg = Release|Any CPU
		{3E07D8B3-019C-4136-977B-E079E5C3731E}.Release|ARM.Build.0 = Release|Any CPU
		{3E07D8B3-019C-4136-977B-E079E5C3731E}.Release|ARM.Deploy.0 = Release|Any CPU
		{3E07D8B3-019C-4136-977B-E079E5C3731E}.Release|arm64.ActiveCfg = Release|Any CPU
		{3E07D8B3-019C-4136-977B-E079E5C3731E}.Release|arm64.Build.0 = Release|Any CPU
		{3E07D8B3-019C-4136-977B-E079E5C3731E}.Release|arm64.Deploy.0 = Release|Any CPU
		{3E07D8B3-019C-4136-977B-E079E5C3731E}.Release|x64.ActiveCfg = Release|Any CPU
		{3E07D8B3-019C-4136-977B-E079E5C3731E}.Release|x64.Build.0 = Release|Any CPU
		{3E07D8B3-019C-4136-977B-E079E5C3731E}.Release|x64.Deploy.0 = Release|Any CPU
		{3E07D8B3-019C-4136-977B-E079E5C3731E}.Release|x86.ActiveCfg = Release|Any CPU
		{3E07D8B3-019C-4136-977B-E079E5C3731E}.Release|x86.Build.0 = Release|Any CPU
		{3E07D8B3-019C-4136-977B-E079E5C3731E}.Release|x86.Deploy.0 = Release|Any CPU
		{E9A00484-71C3-454D-AF41-DEC139DA6F1B}.Debug|Any CPU.ActiveCfg = Debug|Any CPU
		{E9A00484-71C3-454D-AF41-DEC139DA6F1B}.Debug|Any CPU.Build.0 = Debug|Any CPU
		{E9A00484-71C3-454D-AF41-DEC139DA6F1B}.Debug|Any CPU.Deploy.0 = Debug|Any CPU
		{E9A00484-71C3-454D-AF41-DEC139DA6F1B}.Debug|ARM.ActiveCfg = Debug|Any CPU
		{E9A00484-71C3-454D-AF41-DEC139DA6F1B}.Debug|ARM.Build.0 = Debug|Any CPU
		{E9A00484-71C3-454D-AF41-DEC139DA6F1B}.Debug|ARM.Deploy.0 = Debug|Any CPU
		{E9A00484-71C3-454D-AF41-DEC139DA6F1B}.Debug|arm64.ActiveCfg = Debug|Any CPU
		{E9A00484-71C3-454D-AF41-DEC139DA6F1B}.Debug|arm64.Build.0 = Debug|Any CPU
		{E9A00484-71C3-454D-AF41-DEC139DA6F1B}.Debug|arm64.Deploy.0 = Debug|Any CPU
		{E9A00484-71C3-454D-AF41-DEC139DA6F1B}.Debug|x64.ActiveCfg = Debug|Any CPU
		{E9A00484-71C3-454D-AF41-DEC139DA6F1B}.Debug|x64.Build.0 = Debug|Any CPU
		{E9A00484-71C3-454D-AF41-DEC139DA6F1B}.Debug|x64.Deploy.0 = Debug|Any CPU
		{E9A00484-71C3-454D-AF41-DEC139DA6F1B}.Debug|x86.ActiveCfg = Debug|Any CPU
		{E9A00484-71C3-454D-AF41-DEC139DA6F1B}.Debug|x86.Build.0 = Debug|Any CPU
		{E9A00484-71C3-454D-AF41-DEC139DA6F1B}.Debug|x86.Deploy.0 = Debug|Any CPU
		{E9A00484-71C3-454D-AF41-DEC139DA6F1B}.Release|Any CPU.ActiveCfg = Release|Any CPU
		{E9A00484-71C3-454D-AF41-DEC139DA6F1B}.Release|Any CPU.Build.0 = Release|Any CPU
		{E9A00484-71C3-454D-AF41-DEC139DA6F1B}.Release|Any CPU.Deploy.0 = Release|Any CPU
		{E9A00484-71C3-454D-AF41-DEC139DA6F1B}.Release|ARM.ActiveCfg = Release|Any CPU
		{E9A00484-71C3-454D-AF41-DEC139DA6F1B}.Release|ARM.Build.0 = Release|Any CPU
		{E9A00484-71C3-454D-AF41-DEC139DA6F1B}.Release|ARM.Deploy.0 = Release|Any CPU
		{E9A00484-71C3-454D-AF41-DEC139DA6F1B}.Release|arm64.ActiveCfg = Release|Any CPU
		{E9A00484-71C3-454D-AF41-DEC139DA6F1B}.Release|arm64.Build.0 = Release|Any CPU
		{E9A00484-71C3-454D-AF41-DEC139DA6F1B}.Release|arm64.Deploy.0 = Release|Any CPU
		{E9A00484-71C3-454D-AF41-DEC139DA6F1B}.Release|x64.ActiveCfg = Release|Any CPU
		{E9A00484-71C3-454D-AF41-DEC139DA6F1B}.Release|x64.Build.0 = Release|Any CPU
		{E9A00484-71C3-454D-AF41-DEC139DA6F1B}.Release|x64.Deploy.0 = Release|Any CPU
		{E9A00484-71C3-454D-AF41-DEC139DA6F1B}.Release|x86.ActiveCfg = Release|Any CPU
		{E9A00484-71C3-454D-AF41-DEC139DA6F1B}.Release|x86.Build.0 = Release|Any CPU
		{E9A00484-71C3-454D-AF41-DEC139DA6F1B}.Release|x86.Deploy.0 = Release|Any CPU
		{8471B5C3-D0B9-45F1-935D-BDE88BE03D2D}.Debug|Any CPU.ActiveCfg = Debug|Any CPU
		{8471B5C3-D0B9-45F1-935D-BDE88BE03D2D}.Debug|Any CPU.Build.0 = Debug|Any CPU
		{8471B5C3-D0B9-45F1-935D-BDE88BE03D2D}.Debug|Any CPU.Deploy.0 = Debug|Any CPU
		{8471B5C3-D0B9-45F1-935D-BDE88BE03D2D}.Debug|ARM.ActiveCfg = Debug|Any CPU
		{8471B5C3-D0B9-45F1-935D-BDE88BE03D2D}.Debug|ARM.Build.0 = Debug|Any CPU
		{8471B5C3-D0B9-45F1-935D-BDE88BE03D2D}.Debug|ARM.Deploy.0 = Debug|Any CPU
		{8471B5C3-D0B9-45F1-935D-BDE88BE03D2D}.Debug|arm64.ActiveCfg = Debug|Any CPU
		{8471B5C3-D0B9-45F1-935D-BDE88BE03D2D}.Debug|arm64.Build.0 = Debug|Any CPU
		{8471B5C3-D0B9-45F1-935D-BDE88BE03D2D}.Debug|arm64.Deploy.0 = Debug|Any CPU
		{8471B5C3-D0B9-45F1-935D-BDE88BE03D2D}.Debug|x64.ActiveCfg = Debug|Any CPU
		{8471B5C3-D0B9-45F1-935D-BDE88BE03D2D}.Debug|x64.Build.0 = Debug|Any CPU
		{8471B5C3-D0B9-45F1-935D-BDE88BE03D2D}.Debug|x64.Deploy.0 = Debug|Any CPU
		{8471B5C3-D0B9-45F1-935D-BDE88BE03D2D}.Debug|x86.ActiveCfg = Debug|Any CPU
		{8471B5C3-D0B9-45F1-935D-BDE88BE03D2D}.Debug|x86.Build.0 = Debug|Any CPU
		{8471B5C3-D0B9-45F1-935D-BDE88BE03D2D}.Debug|x86.Deploy.0 = Debug|Any CPU
		{8471B5C3-D0B9-45F1-935D-BDE88BE03D2D}.Release|Any CPU.ActiveCfg = Release|Any CPU
		{8471B5C3-D0B9-45F1-935D-BDE88BE03D2D}.Release|Any CPU.Build.0 = Release|Any CPU
		{8471B5C3-D0B9-45F1-935D-BDE88BE03D2D}.Release|Any CPU.Deploy.0 = Release|Any CPU
		{8471B5C3-D0B9-45F1-935D-BDE88BE03D2D}.Release|ARM.ActiveCfg = Release|Any CPU
		{8471B5C3-D0B9-45F1-935D-BDE88BE03D2D}.Release|ARM.Build.0 = Release|Any CPU
		{8471B5C3-D0B9-45F1-935D-BDE88BE03D2D}.Release|ARM.Deploy.0 = Release|Any CPU
		{8471B5C3-D0B9-45F1-935D-BDE88BE03D2D}.Release|arm64.ActiveCfg = Release|Any CPU
		{8471B5C3-D0B9-45F1-935D-BDE88BE03D2D}.Release|arm64.Build.0 = Release|Any CPU
		{8471B5C3-D0B9-45F1-935D-BDE88BE03D2D}.Release|arm64.Deploy.0 = Release|Any CPU
		{8471B5C3-D0B9-45F1-935D-BDE88BE03D2D}.Release|x64.ActiveCfg = Release|Any CPU
		{8471B5C3-D0B9-45F1-935D-BDE88BE03D2D}.Release|x64.Build.0 = Release|Any CPU
		{8471B5C3-D0B9-45F1-935D-BDE88BE03D2D}.Release|x64.Deploy.0 = Release|Any CPU
		{8471B5C3-D0B9-45F1-935D-BDE88BE03D2D}.Release|x86.ActiveCfg = Release|Any CPU
		{8471B5C3-D0B9-45F1-935D-BDE88BE03D2D}.Release|x86.Build.0 = Release|Any CPU
		{8471B5C3-D0B9-45F1-935D-BDE88BE03D2D}.Release|x86.Deploy.0 = Release|Any CPU
		{A156672D-F5F9-40CD-95FA-8B1500E81F02}.Debug|Any CPU.ActiveCfg = Debug|Any CPU
		{A156672D-F5F9-40CD-95FA-8B1500E81F02}.Debug|Any CPU.Build.0 = Debug|Any CPU
		{A156672D-F5F9-40CD-95FA-8B1500E81F02}.Debug|ARM.ActiveCfg = Debug|Any CPU
		{A156672D-F5F9-40CD-95FA-8B1500E81F02}.Debug|ARM.Build.0 = Debug|Any CPU
		{A156672D-F5F9-40CD-95FA-8B1500E81F02}.Debug|arm64.ActiveCfg = Debug|Any CPU
		{A156672D-F5F9-40CD-95FA-8B1500E81F02}.Debug|arm64.Build.0 = Debug|Any CPU
		{A156672D-F5F9-40CD-95FA-8B1500E81F02}.Debug|x64.ActiveCfg = Debug|Any CPU
		{A156672D-F5F9-40CD-95FA-8B1500E81F02}.Debug|x64.Build.0 = Debug|Any CPU
		{A156672D-F5F9-40CD-95FA-8B1500E81F02}.Debug|x86.ActiveCfg = Debug|Any CPU
		{A156672D-F5F9-40CD-95FA-8B1500E81F02}.Debug|x86.Build.0 = Debug|Any CPU
		{A156672D-F5F9-40CD-95FA-8B1500E81F02}.Release|Any CPU.ActiveCfg = Release|Any CPU
		{A156672D-F5F9-40CD-95FA-8B1500E81F02}.Release|Any CPU.Build.0 = Release|Any CPU
		{A156672D-F5F9-40CD-95FA-8B1500E81F02}.Release|ARM.ActiveCfg = Release|Any CPU
		{A156672D-F5F9-40CD-95FA-8B1500E81F02}.Release|ARM.Build.0 = Release|Any CPU
		{A156672D-F5F9-40CD-95FA-8B1500E81F02}.Release|arm64.ActiveCfg = Release|Any CPU
		{A156672D-F5F9-40CD-95FA-8B1500E81F02}.Release|arm64.Build.0 = Release|Any CPU
		{A156672D-F5F9-40CD-95FA-8B1500E81F02}.Release|x64.ActiveCfg = Release|Any CPU
		{A156672D-F5F9-40CD-95FA-8B1500E81F02}.Release|x64.Build.0 = Release|Any CPU
		{A156672D-F5F9-40CD-95FA-8B1500E81F02}.Release|x86.ActiveCfg = Release|Any CPU
		{A156672D-F5F9-40CD-95FA-8B1500E81F02}.Release|x86.Build.0 = Release|Any CPU
		{F97B82A8-EF80-42EF-9A92-053FBC326314}.Debug|Any CPU.ActiveCfg = Debug|Any CPU
		{F97B82A8-EF80-42EF-9A92-053FBC326314}.Debug|Any CPU.Build.0 = Debug|Any CPU
		{F97B82A8-EF80-42EF-9A92-053FBC326314}.Debug|ARM.ActiveCfg = Debug|Any CPU
		{F97B82A8-EF80-42EF-9A92-053FBC326314}.Debug|ARM.Build.0 = Debug|Any CPU
		{F97B82A8-EF80-42EF-9A92-053FBC326314}.Debug|arm64.ActiveCfg = Debug|Any CPU
		{F97B82A8-EF80-42EF-9A92-053FBC326314}.Debug|arm64.Build.0 = Debug|Any CPU
		{F97B82A8-EF80-42EF-9A92-053FBC326314}.Debug|x64.ActiveCfg = Debug|Any CPU
		{F97B82A8-EF80-42EF-9A92-053FBC326314}.Debug|x64.Build.0 = Debug|Any CPU
		{F97B82A8-EF80-42EF-9A92-053FBC326314}.Debug|x86.ActiveCfg = Debug|Any CPU
		{F97B82A8-EF80-42EF-9A92-053FBC326314}.Debug|x86.Build.0 = Debug|Any CPU
		{F97B82A8-EF80-42EF-9A92-053FBC326314}.Release|Any CPU.ActiveCfg = Release|Any CPU
		{F97B82A8-EF80-42EF-9A92-053FBC326314}.Release|Any CPU.Build.0 = Release|Any CPU
		{F97B82A8-EF80-42EF-9A92-053FBC326314}.Release|ARM.ActiveCfg = Release|Any CPU
		{F97B82A8-EF80-42EF-9A92-053FBC326314}.Release|ARM.Build.0 = Release|Any CPU
		{F97B82A8-EF80-42EF-9A92-053FBC326314}.Release|arm64.ActiveCfg = Release|Any CPU
		{F97B82A8-EF80-42EF-9A92-053FBC326314}.Release|arm64.Build.0 = Release|Any CPU
		{F97B82A8-EF80-42EF-9A92-053FBC326314}.Release|x64.ActiveCfg = Release|Any CPU
		{F97B82A8-EF80-42EF-9A92-053FBC326314}.Release|x64.Build.0 = Release|Any CPU
		{F97B82A8-EF80-42EF-9A92-053FBC326314}.Release|x86.ActiveCfg = Release|Any CPU
		{F97B82A8-EF80-42EF-9A92-053FBC326314}.Release|x86.Build.0 = Release|Any CPU
	EndGlobalSection
	GlobalSection(SolutionProperties) = preSolution
		HideSolutionNode = FALSE
	EndGlobalSection
	GlobalSection(ExtensibilityGlobals) = postSolution
		SolutionGuid = {8B841856-EB99-43F4-8C2D-C502342C46F3}
	EndGlobalSection
EndGlobal
